
Microsoft Visual Studio Solution File, Format Version 12.00
# Visual Studio Version 17
VisualStudioVersion = 17.4.33122.133
MinimumVisualStudioVersion = 10.0.40219.1
Project("{FAE04EC0-301F-11D3-BF4B-00C04F79EFBC}") = "SpotifyApp", "SpotifyApp.csproj", "{C5861FDD-2007-4ABB-A891-36BA1E93A980}"
EndProject
Global
	GlobalSection(SolutionConfigurationPlatforms) = preSolution
		Debug|Any CPU = Debug|Any CPU
		Release|Any CPU = Release|Any CPU
	EndGlobalSection
	GlobalSection(ProjectConfigurationPlatforms) = postSolution
		{C5861FDD-2007-4ABB-A891-36BA1E93A980}.Debug|Any CPU.ActiveCfg = Debug|Any CPU
		{C5861FDD-2007-4ABB-A891-36BA1E93A980}.Debug|Any CPU.Build.0 = Debug|Any CPU
		{C5861FDD-2007-4ABB-A891-36BA1E93A980}.Release|Any CPU.ActiveCfg = Release|Any CPU
		{C5861FDD-2007-4ABB-A891-36BA1E93A980}.Release|Any CPU.Build.0 = Release|Any CPU
	EndGlobalSection
	GlobalSection(SolutionProperties) = preSolution
		HideSolutionNode = FALSE
	EndGlobalSection
	GlobalSection(ExtensibilityGlobals) = postSolution
		SolutionGuid = {602CE501-640A-472D-88E7-1CD9F912C471}
	EndGlobalSection
EndGlobal
